{
  "name": "instaspam",
  "lockfileVersion": 2,
  "requires": true,
  "packages": {
    "": {
      "dependencies": {
        "emoji-picker-react": "^3.5.1",
        "linkify-plugin-hashtag": "^3.0.4",
        "linkify-react": "^3.0.4",
        "linkifyjs": "^3.0.5"
      }
    },
    "node_modules/emoji-picker-react": {
      "version": "3.5.1",
      "resolved": "https://registry.npmjs.org/emoji-picker-react/-/emoji-picker-react-3.5.1.tgz",
      "integrity": "sha512-cuSthFAvUO8Q1N7KJPEgZ7N0JNIWPKgN5GUmKe71UlSD4qFYI/p05RT9nohlWOq6YSFhEy2mI/60zBZiaku4mg=="
    },
    "node_modules/js-tokens": {
      "version": "4.0.0",
      "resolved": "https://registry.npmjs.org/js-tokens/-/js-tokens-4.0.0.tgz",
      "integrity": "sha512-RdJUflcE3cUzKiMqQgsCu06FPu9UdIJO0beYbPhHN4k6apgJtifcoCtT9bcxOpYBtpD2kCM6Sbzg4CausW/PKQ==",
      "peer": true
    },
    "node_modules/linkify-plugin-hashtag": {
      "version": "3.0.4",
      "resolved": "https://registry.npmjs.org/linkify-plugin-hashtag/-/linkify-plugin-hashtag-3.0.4.tgz",
      "integrity": "sha512-GXVzS0VUNykfud6aiuuT0XgR1Cq5JJ40GcJzhwSbaRLYY2OwntvWjtD1D8rNPdFC3yOHAx8CIqQZxXNJl8nGjA==",
      "peerDependencies": {
        "linkifyjs": "^3.0.0"
      }
    },
    "node_modules/linkify-react": {
      "version": "3.0.4",
      "resolved": "https://registry.npmjs.org/linkify-react/-/linkify-react-3.0.4.tgz",
      "integrity": "sha512-ar/fLlBw4/pbg5BmpH65dSXpGWhts/+BDV8tCdLN8Pd0P/vtHKjaEw9Gf4Za3Utpn5FhWlQyf57SWriPtoBHtw==",
      "peerDependencies": {
        "linkifyjs": "^3.0.0",
        "react": ">= 15.0.0"
      }
    },
    "node_modules/linkifyjs": {
      "version": "3.0.5",
      "resolved": "https://registry.npmjs.org/linkifyjs/-/linkifyjs-3.0.5.tgz",
      "integrity": "sha512-1Y9XQH65eQKA9p2xtk+zxvnTeQBG7rdAXSkUG97DmuI/Xhji9uaUzaWxRj6rf9YC0v8KKHkxav7tnLX82Sz5Fg=="
    },
    "node_modules/loose-envify": {
      "version": "1.4.0",
      "resolved": "https://registry.npmjs.org/loose-envify/-/loose-envify-1.4.0.tgz",
      "integrity": "sha512-lyuxPGr/Wfhrlem2CL/UcnUc1zcqKAImBDzukY7Y5F/yQiNdko6+fRLevlw1HgMySw7f611UIY408EtxRSoK3Q==",
      "peer": true,
      "dependencies": {
        "js-tokens": "^3.0.0 || ^4.0.0"
      },
      "bin": {
        "loose-envify": "cli.js"
      }
    },
    "node_modules/react": {
      "version": "18.2.0",
      "resolved": "https://registry.npmjs.org/react/-/react-18.2.0.tgz",
      "integrity": "sha512-/3IjMdb2L9QbBdWiW5e3P2/npwMBaU9mHCSCUzNln0ZCYbcfTsGbTJrU/kGemdH2IWmB2ioZ+zkxtmq6g09fGQ==",
      "peer": true,
      "dependencies": {
        "loose-envify": "^1.1.0"
      },
      "engines": {
        "node": ">=0.10.0"
      }
    }
  },
  "dependencies": {
    "emoji-picker-react": {
      "version": "3.5.1",
      "resolved": "https://registry.npmjs.org/emoji-picker-react/-/emoji-picker-react-3.5.1.tgz",
      "integrity": "sha512-cuSthFAvUO8Q1N7KJPEgZ7N0JNIWPKgN5GUmKe71UlSD4qFYI/p05RT9nohlWOq6YSFhEy2mI/60zBZiaku4mg=="
    },
    "js-tokens": {
      "version": "4.0.0",
      "resolved": "https://registry.npmjs.org/js-tokens/-/js-tokens-4.0.0.tgz",
      "integrity": "sha512-RdJUflcE3cUzKiMqQgsCu06FPu9UdIJO0beYbPhHN4k6apgJtifcoCtT9bcxOpYBtpD2kCM6Sbzg4CausW/PKQ==",
      "peer": true
    },
    "linkify-plugin-hashtag": {
      "version": "3.0.4",
      "resolved": "https://registry.npmjs.org/linkify-plugin-hashtag/-/linkify-plugin-hashtag-3.0.4.tgz",
      "integrity": "sha512-GXVzS0VUNykfud6aiuuT0XgR1Cq5JJ40GcJzhwSbaRLYY2OwntvWjtD1D8rNPdFC3yOHAx8CIqQZxXNJl8nGjA==",
      "requires": {}
    },
    "linkify-react": {
      "version": "3.0.4",
      "resolved": "https://registry.npmjs.org/linkify-react/-/linkify-react-3.0.4.tgz",
      "integrity": "sha512-ar/fLlBw4/pbg5BmpH65dSXpGWhts/+BDV8tCdLN8Pd0P/vtHKjaEw9Gf4Za3Utpn5FhWlQyf57SWriPtoBHtw==",
      "requires": {}
    },
    "linkifyjs": {
      "version": "3.0.5",
      "resolved": "https://registry.npmjs.org/linkifyjs/-/linkifyjs-3.0.5.tgz",
      "integrity": "sha512-1Y9XQH65eQKA9p2xtk+zxvnTeQBG7rdAXSkUG97DmuI/Xhji9uaUzaWxRj6rf9YC0v8KKHkxav7tnLX82Sz5Fg=="
    },
    "loose-envify": {
      "version": "1.4.0",
      "resolved": "https://registry.npmjs.org/loose-envify/-/loose-envify-1.4.0.tgz",
      "integrity": "sha512-lyuxPGr/Wfhrlem2CL/UcnUc1zcqKAImBDzukY7Y5F/yQiNdko6+fRLevlw1HgMySw7f611UIY408EtxRSoK3Q==",
      "peer": true,
      "requires": {
        "js-tokens": "^3.0.0 || ^4.0.0"
      }
    },
    "react": {
      "version": "18.2.0",
      "resolved": "https://registry.npmjs.org/react/-/react-18.2.0.tgz",
      "integrity": "sha512-/3IjMdb2L9QbBdWiW5e3P2/npwMBaU9mHCSCUzNln0ZCYbcfTsGbTJrU/kGemdH2IWmB2ioZ+zkxtmq6g09fGQ==",
      "peer": true,
      "requires": {
        "loose-envify": "^1.1.0"
      }
    }
  }
}
